schema: '2.0'
stages:
  data_ingestion:
    cmd: python src/data_ingestion.py
    deps:
    - path: src/data_ingestion.py
      hash: md5
      md5: 874618b7875f435a59ab0536e687f3fc
      size: 3653
    params:
      params.yaml:
        data_ingestion.test_size: 0.3
    outs:
    - path: data/raw
      hash: md5
      md5: d26befd2dda9438254177d9000d9ba1f.dir
      size: 484846
      nfiles: 2
  data_preprocessing:
    cmd: python src/data_preprocessing.py
    deps:
    - path: data/raw
      hash: md5
      md5: d26befd2dda9438254177d9000d9ba1f.dir
      size: 484846
      nfiles: 2
    - path: src/data_preprocessing.py
      hash: md5
      md5: 07e576480f7284393ba83f8bc10ff8cb
      size: 3975
    outs:
    - path: data/interim
      hash: md5
      md5: 61ca13b2e20854a1f7bacbbcfeca409e.dir
      size: 262513
      nfiles: 2
  feature_engineering:
    cmd: python src/feature_engineering.py
    deps:
    - path: data/interim
      hash: md5
      md5: 61ca13b2e20854a1f7bacbbcfeca409e.dir
      size: 262513
      nfiles: 2
    - path: src/feature_engineering.py
      hash: md5
      md5: d2cc8c5b6fda780aaded99dae3da3fef
      size: 3912
    params:
      params.yaml:
        feature_engineering.max_features: 50
    outs:
    - path: data/processed
      hash: md5
      md5: 16fc8fd2b9933fd1b619917c03842d4c.dir
      size: 1187836
      nfiles: 2
  model_building:
    cmd: python src/model_building.py
    deps:
    - path: data/processed
      hash: md5
      md5: 16fc8fd2b9933fd1b619917c03842d4c.dir
      size: 1187836
      nfiles: 2
    - path: src/model_building.py
      hash: md5
      md5: 5a7e24bb616e0279db450ef70d98a352
      size: 4420
    params:
      params.yaml:
        model_building.n_estimators: 35
        model_building.random_state: 2
    outs:
    - path: models/model.pkl
      hash: md5
      md5: 91097a0bbd8d5f176a4974d8e4d63db8
      size: 1232450
  model_evaluation:
    cmd: python src/model_evaluation.py
    deps:
    - path: models/model.pkl
      hash: md5
      md5: 91097a0bbd8d5f176a4974d8e4d63db8
      size: 1232450
    - path: src/model_evaluation.py
      hash: md5
      md5: 553abb63c25d201ab4732efe779df04d
      size: 4639
    outs:
    - path: reports/metrics.json
      hash: md5
      md5: 7fab967e2439ff864e8da0515ad8ef3b
      size: 144
